
Microsoft Visual Studio Solution File, Format Version 12.00
# Visual Studio Version 16
VisualStudioVersion = 16.0.30225.117
MinimumVisualStudioVersion = 10.0.40219.1
Project("{FAE04EC0-301F-11D3-BF4B-00C04F79EFBC}") = "WpfApp3", "WpfApp3\WpfApp3.csproj", "{65EDE7C1-D4C0-4089-BE74-35136732BC7E}"
EndProject
Global
	GlobalSection(SolutionConfigurationPlatforms) = preSolution
		Debug|Any CPU = Debug|Any CPU
		Release|Any CPU = Release|Any CPU
	EndGlobalSection
	GlobalSection(ProjectConfigurationPlatforms) = postSolution
		{65EDE7C1-D4C0-4089-BE74-35136732BC7E}.Debug|Any CPU.ActiveCfg = Debug|Any CPU
		{65EDE7C1-D4C0-4089-BE74-35136732BC7E}.Debug|Any CPU.Build.0 = Debug|Any CPU
		{65EDE7C1-D4C0-4089-BE74-35136732BC7E}.Release|Any CPU.ActiveCfg = Release|Any CPU
		{65EDE7C1-D4C0-4089-BE74-35136732BC7E}.Release|Any CPU.Build.0 = Release|Any CPU
	EndGlobalSection
	GlobalSection(SolutionProperties) = preSolution
		HideSolutionNode = FALSE
	EndGlobalSection
	GlobalSection(ExtensibilityGlobals) = postSolution
		SolutionGuid = {3CDE4AEB-9051-470A-8B4A-D5101005F454}
	EndGlobalSection
EndGlobal
